
Microsoft Visual Studio Solution File, Format Version 12.00
# Visual Studio 15
VisualStudioVersion = 15.0.27703.2035
MinimumVisualStudioVersion = 10.0.40219.1
Project("{FAE04EC0-301F-11D3-BF4B-00C04F79EFBC}") = "Lesson1_StructuresAndLINQ", "Lesson1_StructuresAndLINQ\Lesson1_StructuresAndLINQ.csproj", "{F1871092-A6AC-4233-A407-D24C132B24FD}"
EndProject
Global
	GlobalSection(SolutionConfigurationPlatforms) = preSolution
		Debug|Any CPU = Debug|Any CPU
		Release|Any CPU = Release|Any CPU
	EndGlobalSection
	GlobalSection(ProjectConfigurationPlatforms) = postSolution
		{F1871092-A6AC-4233-A407-D24C132B24FD}.Debug|Any CPU.ActiveCfg = Debug|Any CPU
		{F1871092-A6AC-4233-A407-D24C132B24FD}.Debug|Any CPU.Build.0 = Debug|Any CPU
		{F1871092-A6AC-4233-A407-D24C132B24FD}.Release|Any CPU.ActiveCfg = Release|Any CPU
		{F1871092-A6AC-4233-A407-D24C132B24FD}.Release|Any CPU.Build.0 = Release|Any CPU
	EndGlobalSection
	GlobalSection(SolutionProperties) = preSolution
		HideSolutionNode = FALSE
	EndGlobalSection
	GlobalSection(ExtensibilityGlobals) = postSolution
		SolutionGuid = {BC76AD96-6307-46FC-A28E-ACF0DFA70317}
	EndGlobalSection
EndGlobal
